
Microsoft Visual Studio Solution File, Format Version 12.00
# Visual Studio Version 16
VisualStudioVersion = 16.0.29613.14
MinimumVisualStudioVersion = 10.0.40219.1
Project("{FAE04EC0-301F-11D3-BF4B-00C04F79EFBC}") = "lecThreads", "lecThreads\lecThreads.csproj", "{83B366BF-EC64-4084-8129-8333F3FC29EB}"
EndProject
Global
	GlobalSection(SolutionConfigurationPlatforms) = preSolution
		Debug|Any CPU = Debug|Any CPU
		Release|Any CPU = Release|Any CPU
	EndGlobalSection
	GlobalSection(ProjectConfigurationPlatforms) = postSolution
		{83B366BF-EC64-4084-8129-8333F3FC29EB}.Debug|Any CPU.ActiveCfg = Debug|Any CPU
		{83B366BF-EC64-4084-8129-8333F3FC29EB}.Debug|Any CPU.Build.0 = Debug|Any CPU
		{83B366BF-EC64-4084-8129-8333F3FC29EB}.Release|Any CPU.ActiveCfg = Release|Any CPU
		{83B366BF-EC64-4084-8129-8333F3FC29EB}.Release|Any CPU.Build.0 = Release|Any CPU
	EndGlobalSection
	GlobalSection(SolutionProperties) = preSolution
		HideSolutionNode = FALSE
	EndGlobalSection
	GlobalSection(ExtensibilityGlobals) = postSolution
		SolutionGuid = {418E24FD-B17F-4B6B-B148-FA1412CF5608}
	EndGlobalSection
EndGlobal
